
Microsoft Visual Studio Solution File, Format Version 12.00
Project("{FAE04EC0-301F-11D3-BF4B-00C04F79EFBC}") = "LargeFileSort", "LargeFileSort\LargeFileSort.csproj", "{A86C4151-DB3F-4AE2-A779-8D2482120BB5}"
EndProject
Project("{FAE04EC0-301F-11D3-BF4B-00C04F79EFBC}") = "Common", "Common\Common.csproj", "{C4522626-EDC9-4FEE-AAC4-1FFA473FEC2D}"
EndProject
Project("{FAE04EC0-301F-11D3-BF4B-00C04F79EFBC}") = "LargeFileGenerator", "LargeFileGenerator\LargeFileGenerator.csproj", "{9EAF0EE8-373C-47D0-8687-A5176FE20334}"
EndProject
Project("{FAE04EC0-301F-11D3-BF4B-00C04F79EFBC}") = "LargeFileSort.Tests", "LargeFileSort.Tests\LargeFileSort.Tests.csproj", "{732B7965-B212-4810-B11B-9A42E6C76065}"
EndProject
Global
	GlobalSection(SolutionConfigurationPlatforms) = preSolution
		Debug|Any CPU = Debug|Any CPU
		Release|Any CPU = Release|Any CPU
	EndGlobalSection
	GlobalSection(ProjectConfigurationPlatforms) = postSolution
		{A86C4151-DB3F-4AE2-A779-8D2482120BB5}.Debug|Any CPU.ActiveCfg = Debug|Any CPU
		{A86C4151-DB3F-4AE2-A779-8D2482120BB5}.Debug|Any CPU.Build.0 = Debug|Any CPU
		{A86C4151-DB3F-4AE2-A779-8D2482120BB5}.Release|Any CPU.ActiveCfg = Release|Any CPU
		{A86C4151-DB3F-4AE2-A779-8D2482120BB5}.Release|Any CPU.Build.0 = Release|Any CPU
		{C4522626-EDC9-4FEE-AAC4-1FFA473FEC2D}.Debug|Any CPU.ActiveCfg = Debug|Any CPU
		{C4522626-EDC9-4FEE-AAC4-1FFA473FEC2D}.Debug|Any CPU.Build.0 = Debug|Any CPU
		{C4522626-EDC9-4FEE-AAC4-1FFA473FEC2D}.Release|Any CPU.ActiveCfg = Release|Any CPU
		{C4522626-EDC9-4FEE-AAC4-1FFA473FEC2D}.Release|Any CPU.Build.0 = Release|Any CPU
		{9EAF0EE8-373C-47D0-8687-A5176FE20334}.Debug|Any CPU.ActiveCfg = Debug|Any CPU
		{9EAF0EE8-373C-47D0-8687-A5176FE20334}.Debug|Any CPU.Build.0 = Debug|Any CPU
		{9EAF0EE8-373C-47D0-8687-A5176FE20334}.Release|Any CPU.ActiveCfg = Release|Any CPU
		{9EAF0EE8-373C-47D0-8687-A5176FE20334}.Release|Any CPU.Build.0 = Release|Any CPU
		{732B7965-B212-4810-B11B-9A42E6C76065}.Debug|Any CPU.ActiveCfg = Debug|Any CPU
		{732B7965-B212-4810-B11B-9A42E6C76065}.Debug|Any CPU.Build.0 = Debug|Any CPU
		{732B7965-B212-4810-B11B-9A42E6C76065}.Release|Any CPU.ActiveCfg = Release|Any CPU
		{732B7965-B212-4810-B11B-9A42E6C76065}.Release|Any CPU.Build.0 = Release|Any CPU
	EndGlobalSection
EndGlobal
